
Microsoft Visual Studio Solution File, Format Version 12.00
# Visual Studio Version 17
VisualStudioVersion = 17.5.33530.505
MinimumVisualStudioVersion = 10.0.40219.1
Project("{9A19103F-16F7-4668-BE54-9A1E7A4F7556}") = "ThreeTee.Api", "src\ThreeTee.Api\ThreeTee.Api.csproj", "{7E0A0CA7-34C8-47E0-9555-3912CBB2F1B9}"
EndProject
Project("{9A19103F-16F7-4668-BE54-9A1E7A4F7556}") = "ThreeTee.Core", "src\ThreeTee.Core\ThreeTee.Core.csproj", "{D46D8BC2-06A8-49EC-811F-0ED84E2C9BB7}"
EndProject
Project("{9A19103F-16F7-4668-BE54-9A1E7A4F7556}") = "ThreeTee.Infrastructure", "src\ThreeTee.Infrastructure\ThreeTee.Infrastructure.csproj", "{9E026195-3187-4BD3-97A6-8DA50EA228F5}"
EndProject
Project("{9A19103F-16F7-4668-BE54-9A1E7A4F7556}") = "ThreeTee.Application", "src\ThreeTee.Application\ThreeTee.Application.csproj", "{DC7B1F4C-C41D-4735-9CC7-7DC02D867BB9}"
EndProject
Project("{2150E333-8FDC-42A3-9474-1A3956D46DE8}") = "src", "src", "{BD61E8DC-A1C4-46DB-B2A1-A1C0A69811B2}"
EndProject
Project("{9A19103F-16F7-4668-BE54-9A1E7A4F7556}") = "ThreeTee.Infrastructure.Persistence.Npgsql", "src\ThreeTee.Infrastructure.Persistence.Npgsql\ThreeTee.Infrastructure.Persistence.Npgsql.csproj", "{9E17F130-265C-4226-81B1-3625A07A8FCD}"
EndProject
Project("{9A19103F-16F7-4668-BE54-9A1E7A4F7556}") = "ThreeTee.Infrastructure.Identity", "src\ThreeTee.Infrastructure.Identity\ThreeTee.Infrastructure.Identity.csproj", "{977965BB-E741-429C-9347-E345AA9F7C73}"
EndProject
Project("{9A19103F-16F7-4668-BE54-9A1E7A4F7556}") = "ThreeTee.Authentication", "src\ThreeTee.Authentication\ThreeTee.Authentication.csproj", "{29953199-6A55-4C66-8791-FCE67D676BB7}"
EndProject
Global
	GlobalSection(SolutionConfigurationPlatforms) = preSolution
		Debug|Any CPU = Debug|Any CPU
		Release|Any CPU = Release|Any CPU
	EndGlobalSection
	GlobalSection(ProjectConfigurationPlatforms) = postSolution
		{7E0A0CA7-34C8-47E0-9555-3912CBB2F1B9}.Debug|Any CPU.ActiveCfg = Debug|Any CPU
		{7E0A0CA7-34C8-47E0-9555-3912CBB2F1B9}.Debug|Any CPU.Build.0 = Debug|Any CPU
		{7E0A0CA7-34C8-47E0-9555-3912CBB2F1B9}.Release|Any CPU.ActiveCfg = Release|Any CPU
		{7E0A0CA7-34C8-47E0-9555-3912CBB2F1B9}.Release|Any CPU.Build.0 = Release|Any CPU
		{D46D8BC2-06A8-49EC-811F-0ED84E2C9BB7}.Debug|Any CPU.ActiveCfg = Debug|Any CPU
		{D46D8BC2-06A8-49EC-811F-0ED84E2C9BB7}.Debug|Any CPU.Build.0 = Debug|Any CPU
		{D46D8BC2-06A8-49EC-811F-0ED84E2C9BB7}.Release|Any CPU.ActiveCfg = Release|Any CPU
		{D46D8BC2-06A8-49EC-811F-0ED84E2C9BB7}.Release|Any CPU.Build.0 = Release|Any CPU
		{9E026195-3187-4BD3-97A6-8DA50EA228F5}.Debug|Any CPU.ActiveCfg = Debug|Any CPU
		{9E026195-3187-4BD3-97A6-8DA50EA228F5}.Debug|Any CPU.Build.0 = Debug|Any CPU
		{9E026195-3187-4BD3-97A6-8DA50EA228F5}.Release|Any CPU.ActiveCfg = Release|Any CPU
		{9E026195-3187-4BD3-97A6-8DA50EA228F5}.Release|Any CPU.Build.0 = Release|Any CPU
		{DC7B1F4C-C41D-4735-9CC7-7DC02D867BB9}.Debug|Any CPU.ActiveCfg = Debug|Any CPU
		{DC7B1F4C-C41D-4735-9CC7-7DC02D867BB9}.Debug|Any CPU.Build.0 = Debug|Any CPU
		{DC7B1F4C-C41D-4735-9CC7-7DC02D867BB9}.Release|Any CPU.ActiveCfg = Release|Any CPU
		{DC7B1F4C-C41D-4735-9CC7-7DC02D867BB9}.Release|Any CPU.Build.0 = Release|Any CPU
		{9E17F130-265C-4226-81B1-3625A07A8FCD}.Debug|Any CPU.ActiveCfg = Debug|Any CPU
		{9E17F130-265C-4226-81B1-3625A07A8FCD}.Debug|Any CPU.Build.0 = Debug|Any CPU
		{9E17F130-265C-4226-81B1-3625A07A8FCD}.Release|Any CPU.ActiveCfg = Release|Any CPU
		{9E17F130-265C-4226-81B1-3625A07A8FCD}.Release|Any CPU.Build.0 = Release|Any CPU
		{977965BB-E741-429C-9347-E345AA9F7C73}.Debug|Any CPU.ActiveCfg = Debug|Any CPU
		{977965BB-E741-429C-9347-E345AA9F7C73}.Debug|Any CPU.Build.0 = Debug|Any CPU
		{977965BB-E741-429C-9347-E345AA9F7C73}.Release|Any CPU.ActiveCfg = Release|Any CPU
		{977965BB-E741-429C-9347-E345AA9F7C73}.Release|Any CPU.Build.0 = Release|Any CPU
		{29953199-6A55-4C66-8791-FCE67D676BB7}.Debug|Any CPU.ActiveCfg = Debug|Any CPU
		{29953199-6A55-4C66-8791-FCE67D676BB7}.Debug|Any CPU.Build.0 = Debug|Any CPU
		{29953199-6A55-4C66-8791-FCE67D676BB7}.Release|Any CPU.ActiveCfg = Release|Any CPU
		{29953199-6A55-4C66-8791-FCE67D676BB7}.Release|Any CPU.Build.0 = Release|Any CPU
	EndGlobalSection
	GlobalSection(SolutionProperties) = preSolution
		HideSolutionNode = FALSE
	EndGlobalSection
	GlobalSection(NestedProjects) = preSolution
		{7E0A0CA7-34C8-47E0-9555-3912CBB2F1B9} = {BD61E8DC-A1C4-46DB-B2A1-A1C0A69811B2}
		{D46D8BC2-06A8-49EC-811F-0ED84E2C9BB7} = {BD61E8DC-A1C4-46DB-B2A1-A1C0A69811B2}
		{9E026195-3187-4BD3-97A6-8DA50EA228F5} = {BD61E8DC-A1C4-46DB-B2A1-A1C0A69811B2}
		{DC7B1F4C-C41D-4735-9CC7-7DC02D867BB9} = {BD61E8DC-A1C4-46DB-B2A1-A1C0A69811B2}
		{9E17F130-265C-4226-81B1-3625A07A8FCD} = {BD61E8DC-A1C4-46DB-B2A1-A1C0A69811B2}
		{977965BB-E741-429C-9347-E345AA9F7C73} = {BD61E8DC-A1C4-46DB-B2A1-A1C0A69811B2}
		{29953199-6A55-4C66-8791-FCE67D676BB7} = {BD61E8DC-A1C4-46DB-B2A1-A1C0A69811B2}
	EndGlobalSection
	GlobalSection(ExtensibilityGlobals) = postSolution
		SolutionGuid = {E515413E-7279-42AB-A31E-BE31FF511269}
	EndGlobalSection
EndGlobal
